
Microsoft Visual Studio Solution File, Format Version 12.00
# Visual Studio Version 17
VisualStudioVersion = 17.14.37216.2 d17.14
MinimumVisualStudioVersion = 10.0.40219.1
Project("{FAE04EC0-301F-11D3-BF4B-00C04F79EFBC}") = "RS_Lab2", "RS_Lab2\RS_Lab2.csproj", "{46DF91A9-1F45-49C4-A68A-0B93923FBD98}"
EndProject
Global
	GlobalSection(SolutionConfigurationPlatforms) = preSolution
		Debug|Any CPU = Debug|Any CPU
		Release|Any CPU = Release|Any CPU
	EndGlobalSection
	GlobalSection(ProjectConfigurationPlatforms) = postSolution
		{46DF91A9-1F45-49C4-A68A-0B93923FBD98}.Debug|Any CPU.ActiveCfg = Debug|Any CPU
		{46DF91A9-1F45-49C4-A68A-0B93923FBD98}.Debug|Any CPU.Build.0 = Debug|Any CPU
		{46DF91A9-1F45-49C4-A68A-0B93923FBD98}.Release|Any CPU.ActiveCfg = Release|Any CPU
		{46DF91A9-1F45-49C4-A68A-0B93923FBD98}.Release|Any CPU.Build.0 = Release|Any CPU
	EndGlobalSection
	GlobalSection(SolutionProperties) = preSolution
		HideSolutionNode = FALSE
	EndGlobalSection
	GlobalSection(ExtensibilityGlobals) = postSolution
		SolutionGuid = {078BE85C-27BD-434D-85C7-BE63A962775B}
	EndGlobalSection
EndGlobal
